{
    "_meta": {
        "hash": {
            "sha256": "f619d6b5688cc21f81098956d660aba37acb94e0af041abb2b68570bf7e6f449"
        },
        "pipfile-spec": 6,
        "requires": {
            "python_version": "3.8"
        },
        "sources": [
            {
                "name": "pypi",
                "url": "https://pypi.org/simple",
                "verify_ssl": true
            }
        ]
    },
    "default": {
        "asgiref": {
            "hashes": [
                "sha256:7e51911ee147dd685c3c8b805c0ad0cb58d360987b56953878f8c06d2d1c6f1a",
                "sha256:9fc6fb5d39b8af147ba40765234fa822b39818b12cc80b35ad9b0cef3a476aed"
            ],
            "index": "pypi",
            "version": "==3.2.10"
        },
        "cassandra-driver": {
            "hashes": [
                "sha256:110a89f41b3a7cfe92aef67119464a6af9a86c14fa018ff0bb3b152942331f7c",
                "sha256:1e793f4545b53353c3df5daafb44ce2b4479aad1aebb0dd4989490283716aff7",
                "sha256:2ccbfdbf168fbb5e0055f2161790de12c280840881cb3fb7893848af1e4d9c07",
                "sha256:3d1287cfa1ebf439646d31808b19d784884d8f717fce2e7728130e9ab8ff9ccd",
                "sha256:4e228e3951150e7905fe1363e2dbe61940d8a34df208764452044934d8ce061f",
                "sha256:51d43208dec31f59a4c038b105cc43c9ebb86a9172970079556918208472e77c",
                "sha256:590ca23f6ca6996ea454d7531d74ea526c90c6734842f62cd190a7d24c8a1bff",
                "sha256:59e06084ce3079b1bc69e3de3e22a07a722d984f8b51fc0a98e98112bfbba9b8",
                "sha256:64b1386a18940e70462fe564e1e056891ded8c4a812d9dc8ad21a500f959de1d",
                "sha256:7526443f02b85652a8654be466730fab8052883103536cc94085c8593b7162a9",
                "sha256:8024490895f48f78be06bad5ebec1b2d6adb658f5e3d5f67d9b4c8669cf391f2",
                "sha256:81a1355b2edd08f81ef1577c9fc51812e12d309f9b0a7ebeddecceb0dc2d0b86",
                "sha256:83ec8d9a5827ee44bb1c0601a63696a8a9086beaf0151c8255556299246081bd",
                "sha256:970900e1d181f99ac6560ada02969c04d24d21bce1419c7daaf154d5c892ab3f",
                "sha256:97f7668636a48282d0e65eeb914d04fd1280c2304de004bed1ea4de5c9c42212",
                "sha256:a4a56292ab4bed0bedaf5d3e88aa6c38bc130ef65bed12774a2ab62d01087f3e",
                "sha256:a74ee7e047f73ddbab10546d6c6733836096611b88c8b416c9969895f88c512b",
                "sha256:b48a710eadf6e1ea33489522fdd1fd9f2e23bb4408ee9139205f3f8072ab4e78",
                "sha256:c76ff976df5975d4444c330d52ea17324e7f33e35a6366b8a8286e5102bacdd8",
                "sha256:cf132f0d170ec1afc90780349275e7932f64d603492652f29fd9a4082d5f2ae6",
                "sha256:d1d302abc500a3ddfc1922f9914c843d4c57c87f5480f0b226e8f2806a2281ab",
                "sha256:def8803132d5ec801333ebaa46edd8c0f28e56fefdb41acf0a1fad9e1c72bfcd",
                "sha256:e7d641dca1fdbf239bc3edbeb6bae63eb50382eee50567334dd62aecdd7cf4b4",
                "sha256:ea1ffe18b40f7323cc57270fc8e4c680c0af39b1d2108b0aa624895d435808e6",
                "sha256:f0f95cdbaba88d57a0529eb67b83536279a0ec02f1b51bc27a73c1eb3aaabe07",
                "sha256:f90699c8f1aa4eb58bf84be0fbff859ba094799b662592d1c20237c7cade702e"
            ],
            "index": "pypi",
            "version": "==3.24.0"
        },
        "click": {
            "hashes": [
                "sha256:d2b5255c7c6349bc1bd1e59e08cd12acbbd63ce649f2588755783aa94dfb6b1a",
                "sha256:dacca89f4bfadd5de3d7489b7c8a566eee0d3676333fbb50030263894c38c0dc"
            ],
            "index": "pypi",
            "version": "==7.1.2"
        },
        "django": {
            "hashes": [
                "sha256:a2127ad0150ec6966655bedf15dbbff9697cc86d61653db2da1afa506c0b04cc",
                "sha256:c93c28ccf1d094cbd00d860e83128a39e45d2c571d3b54361713aaaf9a94cac4"
            ],
            "index": "pypi",
            "version": "==3.1.2"
        },
        "django-cassandra-engine": {
            "hashes": [
                "sha256:4a23125137617ff44609c9665be0ce21f8ae9d9b014c34479721a03209bdb2d7",
                "sha256:b747df3a5bcfb7fe9fba0c4d5335cd4a806f1f956112ea012737d1163c9eda4c"
            ],
            "index": "pypi",
            "version": "==1.6.1"
        },
        "djangorestframework": {
            "hashes": [
                "sha256:5c5071fcbad6dce16f566d492015c829ddb0df42965d488b878594aabc3aed21",
                "sha256:d54452aedebb4b650254ca092f9f4f5df947cb1de6ab245d817b08b4f4156249"
            ],
            "index": "pypi",
            "version": "==3.12.1"
        },
        "geomet": {
            "hashes": [
                "sha256:87ae0fc42e532b9e98969c0bbf895a5e0b2bb4f6f775cf51a74e6482f1f35c2b",
                "sha256:91d754f7c298cbfcabd3befdb69c641c27fe75e808b27aa55028605761d17e95",
                "sha256:a41a1e336b381416d6cbed7f1745c848e91defaa4d4c1bdc1312732e46ffad2b"
            ],
            "index": "pypi",
            "version": "==0.2.1.post1"
        },
        "pytz": {
            "hashes": [
                "sha256:a494d53b6d39c3c6e44c3bec237336e14305e4f29bbf800b599253057fbb79ed",
                "sha256:c35965d010ce31b23eeb663ed3cc8c906275d6be1a34393a1d73a41febf4a048"
            ],
            "index": "pypi",
            "version": "==2020.1"
        },
        "six": {
            "hashes": [
                "sha256:30639c035cdb23534cd4aa2dd52c3bf48f06e5f4a941509c8bafd8ce11080259",
                "sha256:8b74bedcbbbaca38ff6d7491d76f2b06b3592611af620f8426e82dddb04a5ced"
            ],
            "index": "pypi",
            "version": "==1.15.0"
        },
        "sqlparse": {
            "hashes": [
                "sha256:017cde379adbd6a1f15a61873f43e8274179378e95ef3fede90b5aa64d304ed0",
                "sha256:0f91fd2e829c44362cbcfab3e9ae12e22badaa8a29ad5ff599f9ec109f0454e8"
            ],
            "index": "pypi",
            "version": "==0.4.1"
        },
        "uwsgi": {
            "hashes": [
                "sha256:faa85e053c0b1be4d5585b0858d3a511d2cd10201802e8676060fd0a109e5869"
            ],
            "index": "pypi",
            "version": "==2.0.19.1"
        }
    },
    "develop": {}
}
